PODS:
  - Flutter (1.0.0)
  - flutter_badge_manager (0.0.1):
    - Flutter

DEPENDENCIES:
  - Flutter (from `Flutter`)
  - flutter_badge_manager (from `.symlinks/plugins/flutter_badge_manager/ios`)

EXTERNAL SOURCES:
  Flutter:
    :path: Flutter
  flutter_badge_manager:
    :path: ".symlinks/plugins/flutter_badge_manager/ios"

SPEC CHECKSUMS:
  Flutter: e0871f40cf51350855a761d2e70bf5af5b9b5de7
  flutter_badge_manager: cc8853438c2003a59cddf2ed4117a6b93c6e29ef

PODFILE CHECKSUM: 7b44deb7c63bf455c436abb2e50f27e815e57633

COCOAPODS: 1.16.2
